<?xml version="1.0" encoding="UTF-8" standalone="yes" ?>
<CodeBlocks_project_file>
	<FileVersion major="1" minor="6" />
	<Project>
		<Option title="hw5" />
		<Option pch_mode="2" />
		<Option compiler="gcc" />
		<Build>
			<Target title="Debug">
				<Option output="bin/Debug/hw5" prefix_auto="1" extension_auto="1" />
				<Option object_output="obj/Debug/" />
				<Option type="1" />
				<Option compiler="gcc" />
				<Compiler>
					<Add option="-g" />
				</Compiler>
			</Target>
			<Target title="Release">
				<Option output="bin/Release/hw5" prefix_auto="1" extension_auto="1" />
				<Option object_output="obj/Release/" />
				<Option type="1" />
				<Option compiler="gcc" />
				<Compiler>
					<Add option="-O2" />
				</Compiler>
				<Linker>
					<Add option="-s" />
				</Linker>
			</Target>
		</Build>
		<Compiler>
			<Add option="-Wall" />
		</Compiler>
		<Unit filename="bomb_plant.cpp" />
		<Unit filename="bomb_plant.h" />
		<Unit filename="coin_plant.cpp" />
		<Unit filename="coin_plant.h" />
		<Unit filename="creature.cpp" />
		<Unit filename="creature.h" />
		<Unit filename="game.cpp" />
		<Unit filename="game.h" />
		<Unit filename="heal_plant.cpp" />
		<Unit filename="heal_plant.h" />
		<Unit filename="horn_plant.cpp" />
		<Unit filename="horn_plant.h" />
		<Unit filename="land.cpp" />
		<Unit filename="land.h" />
		<Unit filename="main.cpp" />
		<Unit filename="map.cpp" />
		<Unit filename="map.h" />
		<Unit filename="plant.cpp" />
		<Unit filename="plant.h" />
		<Unit filename="plant_factory.cpp" />
		<Unit filename="plant_factory.h" />
		<Unit filename="player.cpp" />
		<Unit filename="player.h" />
		<Unit filename="zombie.cpp" />
		<Unit filename="zombie.h" />
		<Extensions>
			<code_completion />
			<envvars />
			<debugger />
		</Extensions>
	</Project>
</CodeBlocks_project_file>
